
Microsoft Visual Studio Solution File, Format Version 12.00
# Visual Studio 15
VisualStudioVersion = 15.0.27130.2010
MinimumVisualStudioVersion = 10.0.40219.1
Project("{FAE04EC0-301F-11D3-BF4B-00C04F79EFBC}") = "Hermes", "test\Hermes.csproj", "{7DACB5B5-12D4-4EEA-97FB-086900CCB938}"
EndProject
Global
	GlobalSection(SolutionConfigurationPlatforms) = preSolution
		Debug|Any CPU = Debug|Any CPU
		Release|Any CPU = Release|Any CPU
	EndGlobalSection
	GlobalSection(ProjectConfigurationPlatforms) = postSolution
		{7DACB5B5-12D4-4EEA-97FB-086900CCB938}.Debug|Any CPU.ActiveCfg = Debug|Any CPU
		{7DACB5B5-12D4-4EEA-97FB-086900CCB938}.Debug|Any CPU.Build.0 = Debug|Any CPU
		{7DACB5B5-12D4-4EEA-97FB-086900CCB938}.Release|Any CPU.ActiveCfg = Release|Any CPU
		{7DACB5B5-12D4-4EEA-97FB-086900CCB938}.Release|Any CPU.Build.0 = Release|Any CPU
	EndGlobalSection
	GlobalSection(SolutionProperties) = preSolution
		HideSolutionNode = FALSE
	EndGlobalSection
	GlobalSection(ExtensibilityGlobals) = postSolution
		SolutionGuid = {4ABE908B-C2DB-4818-A8DB-603CC5A407A7}
	EndGlobalSection
EndGlobal
